<?xml version="1.0" encoding="utf-8"?>
<Project ToolsVersion="4.0" xmlns="http://schemas.microsoft.com/developer/msbuild/2003">
  <ItemGroup>
    <Filter Include="Interfaces">
      <UniqueIdentifier>{f0e931ee-9179-4179-87d1-7a9ead4376b5}</UniqueIdentifier>
    </Filter>
    <Filter Include="Interfaces\SDL">
      <UniqueIdentifier>{52790064-6172-4a1b-9eaa-29425a7154e6}</UniqueIdentifier>
    </Filter>
    <Filter Include="Interfaces\Allegro">
      <UniqueIdentifier>{3ff7f713-7c06-498e-9e89-3b596d9028fc}</UniqueIdentifier>
    </Filter>
    <Filter Include="v_ %28Video%29">
      <UniqueIdentifier>{f9bf1da5-8033-47bd-80be-52b793162570}</UniqueIdentifier>
    </Filter>
    <Filter Include="w_ %28WADs%29">
      <UniqueIdentifier>{9a6ce2a9-1762-4aca-a03a-72eddd162691}</UniqueIdentifier>
    </Filter>
    <Filter Include="wi_ %28Intermission%29">
      <UniqueIdentifier>{1464f622-8212-4358-b89d-d41d30c77cff}</UniqueIdentifier>
    </Filter>
    <Filter Include="z_ %28Memory%29">
      <UniqueIdentifier>{d034c957-b75c-4485-ba99-f705c9343821}</UniqueIdentifier>
    </Filter>
    <Filter Include="Doom">
      <UniqueIdentifier>{94f090ec-5532-41d6-a642-6aee71438ad8}</UniqueIdentifier>
    </Filter>
    <Filter Include="Doom\r_ %28Renderer%29">
      <UniqueIdentifier>{e9be5b13-9846-454c-b394-3d3d6a8447e1}</UniqueIdentifier>
    </Filter>
    <Filter Include="Doom\s_ %28Sound%29">
      <UniqueIdentifier>{bef53ca1-7ed8-4a4c-aa6f-e99d64e15b46}</UniqueIdentifier>
    </Filter>
    <Filter Include="Doom\p_ %28Logic%29">
      <UniqueIdentifier>{4c7cd118-33c8-4cd4-89e9-e4c23db422a9}</UniqueIdentifier>
    </Filter>
    <Filter Include="Doom\st_ %28Status Bar%29">
      <UniqueIdentifier>{53c7c4af-23e7-48b6-b746-4bb7a64d0432}</UniqueIdentifier>
    </Filter>
    <Filter Include="Doom\t_ %28FraggleScript/ReMooD Script%29">
      <UniqueIdentifier>{0ef90482-b46a-43a8-b77b-3114da557f5f}</UniqueIdentifier>
    </Filter>
    <Filter Include="Doom\m_ %28Misc%29">
      <UniqueIdentifier>{df3faf40-9aad-45ea-a1b7-7e84c472be7c}</UniqueIdentifier>
    </Filter>
    <Filter Include="Doom\hu_ %28HUD%29">
      <UniqueIdentifier>{c3e03389-fb3c-4ee4-80d4-5882911787a3}</UniqueIdentifier>
    </Filter>
    <Filter Include="Doom\g_ %28Game%29">
      <UniqueIdentifier>{6360c8f9-54e8-4fdf-8be6-4be4d976f890}</UniqueIdentifier>
    </Filter>
    <Filter Include="Doom\f_ %28Finale%29">
      <UniqueIdentifier>{eef86095-9413-4ffc-8320-e643af1679bb}</UniqueIdentifier>
    </Filter>
    <Filter Include="Doom\d_ %28Doom%29">
      <UniqueIdentifier>{2f3c064b-b304-4582-8823-afc034c0b93b}</UniqueIdentifier>
    </Filter>
    <Filter Include="Doom\am_ %28Automap%29">
      <UniqueIdentifier>{69d4e6e1-b276-4cac-86a8-1672d61e8017}</UniqueIdentifier>
    </Filter>
    <Filter Include="Bots %28b_%29">
      <UniqueIdentifier>{8db2e146-1590-4303-b0b9-c315bebe61ea}</UniqueIdentifier>
    </Filter>
  </ItemGroup>
  <ItemGroup>
    <ClInclude Include="..\..\src\i_net.h">
      <Filter>Interfaces</Filter>
    </ClInclude>
    <ClInclude Include="..\..\src\i_sound.h">
      <Filter>Interfaces</Filter>
    </ClInclude>
    <ClInclude Include="..\..\src\i_system.h">
      <Filter>Interfaces</Filter>
    </ClInclude>
    <ClInclude Include="..\..\src\i_util.h">
      <Filter>Interfaces</Filter>
    </ClInclude>
    <ClInclude Include="..\..\src\i_video.h">
      <Filter>Interfaces</Filter>
    </ClInclude>
    <ClInclude Include="..\..\src\v_video.h">
      <Filter>v_ %28Video%29</Filter>
    </ClInclude>
    <ClInclude Include="..\..\src\v_widc.h">
      <Filter>v_ %28Video%29</Filter>
    </ClInclude>
    <ClInclude Include="..\..\src\v_widget.h">
      <Filter>v_ %28Video%29</Filter>
    </ClInclude>
    <ClInclude Include="..\..\src\w_wad.h">
      <Filter>w_ %28WADs%29</Filter>
    </ClInclude>
    <ClInclude Include="..\..\src\wi_stuff.h">
      <Filter>wi_ %28Intermission%29</Filter>
    </ClInclude>
    <ClInclude Include="..\..\src\z_zone.h">
      <Filter>z_ %28Memory%29</Filter>
    </ClInclude>
    <ClInclude Include="..\..\src\r_bsp.h">
      <Filter>Doom\r_ %28Renderer%29</Filter>
    </ClInclude>
    <ClInclude Include="..\..\src\r_data.h">
      <Filter>Doom\r_ %28Renderer%29</Filter>
    </ClInclude>
    <ClInclude Include="..\..\src\r_defs.h">
      <Filter>Doom\r_ %28Renderer%29</Filter>
    </ClInclude>
    <ClInclude Include="..\..\src\r_draw.h">
      <Filter>Doom\r_ %28Renderer%29</Filter>
    </ClInclude>
    <ClInclude Include="..\..\src\r_local.h">
      <Filter>Doom\r_ %28Renderer%29</Filter>
    </ClInclude>
    <ClInclude Include="..\..\src\r_main.h">
      <Filter>Doom\r_ %28Renderer%29</Filter>
    </ClInclude>
    <ClInclude Include="..\..\src\r_plane.h">
      <Filter>Doom\r_ %28Renderer%29</Filter>
    </ClInclude>
    <ClInclude Include="..\..\src\r_segs.h">
      <Filter>Doom\r_ %28Renderer%29</Filter>
    </ClInclude>
    <ClInclude Include="..\..\src\r_sky.h">
      <Filter>Doom\r_ %28Renderer%29</Filter>
    </ClInclude>
    <ClInclude Include="..\..\src\r_splats.h">
      <Filter>Doom\r_ %28Renderer%29</Filter>
    </ClInclude>
    <ClInclude Include="..\..\src\r_state.h">
      <Filter>Doom\r_ %28Renderer%29</Filter>
    </ClInclude>
    <ClInclude Include="..\..\src\r_things.h">
      <Filter>Doom\r_ %28Renderer%29</Filter>
    </ClInclude>
    <ClInclude Include="..\..\src\s_sound.h">
      <Filter>Doom\s_ %28Sound%29</Filter>
    </ClInclude>
    <ClInclude Include="..\..\src\p_demcmp.h">
      <Filter>Doom\p_ %28Logic%29</Filter>
    </ClInclude>
    <ClInclude Include="..\..\src\p_fab.h">
      <Filter>Doom\p_ %28Logic%29</Filter>
    </ClInclude>
    <ClInclude Include="..\..\src\p_info.h">
      <Filter>Doom\p_ %28Logic%29</Filter>
    </ClInclude>
    <ClInclude Include="..\..\src\p_inter.h">
      <Filter>Doom\p_ %28Logic%29</Filter>
    </ClInclude>
    <ClInclude Include="..\..\src\p_local.h">
      <Filter>Doom\p_ %28Logic%29</Filter>
    </ClInclude>
    <ClInclude Include="..\..\src\p_maputl.h">
      <Filter>Doom\p_ %28Logic%29</Filter>
    </ClInclude>
    <ClInclude Include="..\..\src\p_mobj.h">
      <Filter>Doom\p_ %28Logic%29</Filter>
    </ClInclude>
    <ClInclude Include="..\..\src\p_pspr.h">
      <Filter>Doom\p_ %28Logic%29</Filter>
    </ClInclude>
    <ClInclude Include="..\..\src\p_saveg.h">
      <Filter>Doom\p_ %28Logic%29</Filter>
    </ClInclude>
    <ClInclude Include="..\..\src\p_setup.h">
      <Filter>Doom\p_ %28Logic%29</Filter>
    </ClInclude>
    <ClInclude Include="..\..\src\p_spec.h">
      <Filter>Doom\p_ %28Logic%29</Filter>
    </ClInclude>
    <ClInclude Include="..\..\src\p_tick.h">
      <Filter>Doom\p_ %28Logic%29</Filter>
    </ClInclude>
    <ClInclude Include="..\..\src\st_lib.h">
      <Filter>Doom\st_ %28Status Bar%29</Filter>
    </ClInclude>
    <ClInclude Include="..\..\src\st_stuff.h">
      <Filter>Doom\st_ %28Status Bar%29</Filter>
    </ClInclude>
    <ClInclude Include="..\..\src\t_func.h">
      <Filter>Doom\t_ %28FraggleScript/ReMooD Script%29</Filter>
    </ClInclude>
    <ClInclude Include="..\..\src\t_oper.h">
      <Filter>Doom\t_ %28FraggleScript/ReMooD Script%29</Filter>
    </ClInclude>
    <ClInclude Include="..\..\src\t_parse.h">
      <Filter>Doom\t_ %28FraggleScript/ReMooD Script%29</Filter>
    </ClInclude>
    <ClInclude Include="..\..\src\t_prepro.h">
      <Filter>Doom\t_ %28FraggleScript/ReMooD Script%29</Filter>
    </ClInclude>
    <ClInclude Include="..\..\src\t_script.h">
      <Filter>Doom\t_ %28FraggleScript/ReMooD Script%29</Filter>
    </ClInclude>
    <ClInclude Include="..\..\src\t_spec.h">
      <Filter>Doom\t_ %28FraggleScript/ReMooD Script%29</Filter>
    </ClInclude>
    <ClInclude Include="..\..\src\t_vari.h">
      <Filter>Doom\t_ %28FraggleScript/ReMooD Script%29</Filter>
    </ClInclude>
    <ClInclude Include="..\..\src\m_argv.h">
      <Filter>Doom\m_ %28Misc%29</Filter>
    </ClInclude>
    <ClInclude Include="..\..\src\m_bbox.h">
      <Filter>Doom\m_ %28Misc%29</Filter>
    </ClInclude>
    <ClInclude Include="..\..\src\m_cheat.h">
      <Filter>Doom\m_ %28Misc%29</Filter>
    </ClInclude>
    <ClInclude Include="..\..\src\m_fixed.h">
      <Filter>Doom\m_ %28Misc%29</Filter>
    </ClInclude>
    <ClInclude Include="..\..\src\m_menu.h">
      <Filter>Doom\m_ %28Misc%29</Filter>
    </ClInclude>
    <ClInclude Include="..\..\src\m_misc.h">
      <Filter>Doom\m_ %28Misc%29</Filter>
    </ClInclude>
    <ClInclude Include="..\..\src\m_random.h">
      <Filter>Doom\m_ %28Misc%29</Filter>
    </ClInclude>
    <ClInclude Include="..\..\src\m_swap.h">
      <Filter>Doom\m_ %28Misc%29</Filter>
    </ClInclude>
    <ClInclude Include="..\..\src\hu_stuff.h">
      <Filter>Doom\hu_ %28HUD%29</Filter>
    </ClInclude>
    <ClInclude Include="..\..\src\g_game.h">
      <Filter>Doom\g_ %28Game%29</Filter>
    </ClInclude>
    <ClInclude Include="..\..\src\g_input.h">
      <Filter>Doom\g_ %28Game%29</Filter>
    </ClInclude>
    <ClInclude Include="..\..\src\g_state.h">
      <Filter>Doom\g_ %28Game%29</Filter>
    </ClInclude>
    <ClInclude Include="..\..\src\f_finale.h">
      <Filter>Doom\f_ %28Finale%29</Filter>
    </ClInclude>
    <ClInclude Include="..\..\src\f_wipe.h">
      <Filter>Doom\f_ %28Finale%29</Filter>
    </ClInclude>
    <ClInclude Include="..\..\src\d_block.h">
      <Filter>Doom\d_ %28Doom%29</Filter>
    </ClInclude>
    <ClInclude Include="..\..\src\d_clisrv.h">
      <Filter>Doom\d_ %28Doom%29</Filter>
    </ClInclude>
    <ClInclude Include="..\..\src\d_englsh.h">
      <Filter>Doom\d_ %28Doom%29</Filter>
    </ClInclude>
    <ClInclude Include="..\..\src\d_event.h">
      <Filter>Doom\d_ %28Doom%29</Filter>
    </ClInclude>
    <ClInclude Include="..\..\src\d_french.h">
      <Filter>Doom\d_ %28Doom%29</Filter>
    </ClInclude>
    <ClInclude Include="..\..\src\d_info.h">
      <Filter>Doom\d_ %28Doom%29</Filter>
    </ClInclude>
    <ClInclude Include="..\..\src\d_items.h">
      <Filter>Doom\d_ %28Doom%29</Filter>
    </ClInclude>
    <ClInclude Include="..\..\src\d_main.h">
      <Filter>Doom\d_ %28Doom%29</Filter>
    </ClInclude>
    <ClInclude Include="..\..\src\d_net.h">
      <Filter>Doom\d_ %28Doom%29</Filter>
    </ClInclude>
    <ClInclude Include="..\..\src\d_netcmd.h">
      <Filter>Doom\d_ %28Doom%29</Filter>
    </ClInclude>
    <ClInclude Include="..\..\src\d_player.h">
      <Filter>Doom\d_ %28Doom%29</Filter>
    </ClInclude>
    <ClInclude Include="..\..\src\d_prof.h">
      <Filter>Doom\d_ %28Doom%29</Filter>
    </ClInclude>
    <ClInclude Include="..\..\src\d_rdf.h">
      <Filter>Doom\d_ %28Doom%29</Filter>
    </ClInclude>
    <ClInclude Include="..\..\src\d_rmod.h">
      <Filter>Doom\d_ %28Doom%29</Filter>
    </ClInclude>
    <ClInclude Include="..\..\src\d_think.h">
      <Filter>Doom\d_ %28Doom%29</Filter>
    </ClInclude>
    <ClInclude Include="..\..\src\d_ticcmd.h">
      <Filter>Doom\d_ %28Doom%29</Filter>
    </ClInclude>
    <ClInclude Include="..\..\src\am_map.h">
      <Filter>Doom\am_ %28Automap%29</Filter>
    </ClInclude>
    <ClInclude Include="..\..\src\b_bot.h">
      <Filter>Bots %28b_%29</Filter>
    </ClInclude>
    <ClInclude Include="..\..\src\bootdata.h" />
    <ClInclude Include="..\..\src\byteptr.h" />
    <ClInclude Include="..\..\src\c_lib.h" />
    <ClInclude Include="..\..\src\command.h" />
    <ClInclude Include="..\..\src\console.h" />
    <ClInclude Include="..\..\src\dbopl.h" />
    <ClInclude Include="..\..\src\dehacked.h" />
    <ClInclude Include="..\..\src\doomdata.h" />
    <ClInclude Include="..\..\src\doomdef.h" />
    <ClInclude Include="..\..\src\doomstat.h" />
    <ClInclude Include="..\..\src\doomtype.h" />
    <ClInclude Include="..\..\src\dstrings.h" />
    <ClInclude Include="..\..\src\info.h" />
    <ClInclude Include="..\..\src\keys.h" />
    <ClInclude Include="..\..\src\md5.h" />
    <ClInclude Include="..\..\src\screen.h" />
    <ClInclude Include="..\..\src\sounds.h" />
    <ClInclude Include="..\..\src\t_comp.h" />
    <ClInclude Include="..\..\src\t_dsvm.h" />
    <ClInclude Include="..\..\src\tables.h" />
  </ItemGroup>
  <ItemGroup>
    <ClCompile Include="..\..\src\i_util.c">
      <Filter>Interfaces</Filter>
    </ClCompile>
    <ClCompile Include="..\..\src\i_utlnet.c">
      <Filter>Interfaces</Filter>
    </ClCompile>
    <ClCompile Include="..\..\src\i_utlsfx.c">
      <Filter>Interfaces</Filter>
    </ClCompile>
    <ClCompile Include="..\..\src\sdl\i_main.c">
      <Filter>Interfaces\SDL</Filter>
    </ClCompile>
    <ClCompile Include="..\..\src\sdl\i_music.c">
      <Filter>Interfaces\SDL</Filter>
    </ClCompile>
    <ClCompile Include="..\..\src\sdl\i_net.c">
      <Filter>Interfaces\SDL</Filter>
    </ClCompile>
    <ClCompile Include="..\..\src\sdl\i_sound.c">
      <Filter>Interfaces\SDL</Filter>
    </ClCompile>
    <ClCompile Include="..\..\src\sdl\i_system.c">
      <Filter>Interfaces\SDL</Filter>
    </ClCompile>
    <ClCompile Include="..\..\src\sdl\i_video.c">
      <Filter>Interfaces\SDL</Filter>
    </ClCompile>
    <ClCompile Include="..\..\src\allegro\i_main.c">
      <Filter>Interfaces\Allegro</Filter>
    </ClCompile>
    <ClCompile Include="..\..\src\allegro\i_music.c">
      <Filter>Interfaces\Allegro</Filter>
    </ClCompile>
    <ClCompile Include="..\..\src\allegro\i_net.c">
      <Filter>Interfaces\Allegro</Filter>
    </ClCompile>
    <ClCompile Include="..\..\src\allegro\i_sound.c">
      <Filter>Interfaces\Allegro</Filter>
    </ClCompile>
    <ClCompile Include="..\..\src\allegro\i_system.c">
      <Filter>Interfaces\Allegro</Filter>
    </ClCompile>
    <ClCompile Include="..\..\src\allegro\i_video.c">
      <Filter>Interfaces\Allegro</Filter>
    </ClCompile>
    <ClCompile Include="..\..\src\v_video.c">
      <Filter>v_ %28Video%29</Filter>
    </ClCompile>
    <ClCompile Include="..\..\src\v_widget.c">
      <Filter>v_ %28Video%29</Filter>
    </ClCompile>
    <ClCompile Include="..\..\src\w_wad.c">
      <Filter>w_ %28WADs%29</Filter>
    </ClCompile>
    <ClCompile Include="..\..\src\wi_stuff.c">
      <Filter>wi_ %28Intermission%29</Filter>
    </ClCompile>
    <ClCompile Include="..\..\src\z_zone.c">
      <Filter>z_ %28Memory%29</Filter>
    </ClCompile>
    <ClCompile Include="..\..\src\r_bsp.c">
      <Filter>Doom\r_ %28Renderer%29</Filter>
    </ClCompile>
    <ClCompile Include="..\..\src\r_data.c">
      <Filter>Doom\r_ %28Renderer%29</Filter>
    </ClCompile>
    <ClCompile Include="..\..\src\r_draw.c">
      <Filter>Doom\r_ %28Renderer%29</Filter>
    </ClCompile>
    <ClCompile Include="..\..\src\r_main.c">
      <Filter>Doom\r_ %28Renderer%29</Filter>
    </ClCompile>
    <ClCompile Include="..\..\src\r_plane.c">
      <Filter>Doom\r_ %28Renderer%29</Filter>
    </ClCompile>
    <ClCompile Include="..\..\src\r_segs.c">
      <Filter>Doom\r_ %28Renderer%29</Filter>
    </ClCompile>
    <ClCompile Include="..\..\src\r_sky.c">
      <Filter>Doom\r_ %28Renderer%29</Filter>
    </ClCompile>
    <ClCompile Include="..\..\src\r_splats.c">
      <Filter>Doom\r_ %28Renderer%29</Filter>
    </ClCompile>
    <ClCompile Include="..\..\src\r_things.c">
      <Filter>Doom\r_ %28Renderer%29</Filter>
    </ClCompile>
    <ClCompile Include="..\..\src\s_sound.c">
      <Filter>Doom\s_ %28Sound%29</Filter>
    </ClCompile>
    <ClCompile Include="..\..\src\p_ceilng.c">
      <Filter>Doom\p_ %28Logic%29</Filter>
    </ClCompile>
    <ClCompile Include="..\..\src\p_demcmp.c">
      <Filter>Doom\p_ %28Logic%29</Filter>
    </ClCompile>
    <ClCompile Include="..\..\src\p_doors.c">
      <Filter>Doom\p_ %28Logic%29</Filter>
    </ClCompile>
    <ClCompile Include="..\..\src\p_enemy.c">
      <Filter>Doom\p_ %28Logic%29</Filter>
    </ClCompile>
    <ClCompile Include="..\..\src\p_fab.c">
      <Filter>Doom\p_ %28Logic%29</Filter>
    </ClCompile>
    <ClCompile Include="..\..\src\p_floor.c">
      <Filter>Doom\p_ %28Logic%29</Filter>
    </ClCompile>
    <ClCompile Include="..\..\src\p_genlin.c">
      <Filter>Doom\p_ %28Logic%29</Filter>
    </ClCompile>
    <ClCompile Include="..\..\src\p_info.c">
      <Filter>Doom\p_ %28Logic%29</Filter>
    </ClCompile>
    <ClCompile Include="..\..\src\p_inter.c">
      <Filter>Doom\p_ %28Logic%29</Filter>
    </ClCompile>
    <ClCompile Include="..\..\src\p_lights.c">
      <Filter>Doom\p_ %28Logic%29</Filter>
    </ClCompile>
    <ClCompile Include="..\..\src\p_map.c">
      <Filter>Doom\p_ %28Logic%29</Filter>
    </ClCompile>
    <ClCompile Include="..\..\src\p_maputl.c">
      <Filter>Doom\p_ %28Logic%29</Filter>
    </ClCompile>
    <ClCompile Include="..\..\src\p_mobj.c">
      <Filter>Doom\p_ %28Logic%29</Filter>
    </ClCompile>
    <ClCompile Include="..\..\src\p_plats.c">
      <Filter>Doom\p_ %28Logic%29</Filter>
    </ClCompile>
    <ClCompile Include="..\..\src\p_pspr.c">
      <Filter>Doom\p_ %28Logic%29</Filter>
    </ClCompile>
    <ClCompile Include="..\..\src\p_saveg.c">
      <Filter>Doom\p_ %28Logic%29</Filter>
    </ClCompile>
    <ClCompile Include="..\..\src\p_setup.c">
      <Filter>Doom\p_ %28Logic%29</Filter>
    </ClCompile>
    <ClCompile Include="..\..\src\p_sight.c">
      <Filter>Doom\p_ %28Logic%29</Filter>
    </ClCompile>
    <ClCompile Include="..\..\src\p_spec.c">
      <Filter>Doom\p_ %28Logic%29</Filter>
    </ClCompile>
    <ClCompile Include="..\..\src\p_switch.c">
      <Filter>Doom\p_ %28Logic%29</Filter>
    </ClCompile>
    <ClCompile Include="..\..\src\p_telept.c">
      <Filter>Doom\p_ %28Logic%29</Filter>
    </ClCompile>
    <ClCompile Include="..\..\src\p_tick.c">
      <Filter>Doom\p_ %28Logic%29</Filter>
    </ClCompile>
    <ClCompile Include="..\..\src\p_user.c">
      <Filter>Doom\p_ %28Logic%29</Filter>
    </ClCompile>
    <ClCompile Include="..\..\src\st_lib.c">
      <Filter>Doom\st_ %28Status Bar%29</Filter>
    </ClCompile>
    <ClCompile Include="..\..\src\st_stuff.c">
      <Filter>Doom\st_ %28Status Bar%29</Filter>
    </ClCompile>
    <ClCompile Include="..\..\src\t_comp.c">
      <Filter>Doom\t_ %28FraggleScript/ReMooD Script%29</Filter>
    </ClCompile>
    <ClCompile Include="..\..\src\t_func.c">
      <Filter>Doom\t_ %28FraggleScript/ReMooD Script%29</Filter>
    </ClCompile>
    <ClCompile Include="..\..\src\t_oper.c">
      <Filter>Doom\t_ %28FraggleScript/ReMooD Script%29</Filter>
    </ClCompile>
    <ClCompile Include="..\..\src\t_parse.c">
      <Filter>Doom\t_ %28FraggleScript/ReMooD Script%29</Filter>
    </ClCompile>
    <ClCompile Include="..\..\src\t_prepro.c">
      <Filter>Doom\t_ %28FraggleScript/ReMooD Script%29</Filter>
    </ClCompile>
    <ClCompile Include="..\..\src\t_script.c">
      <Filter>Doom\t_ %28FraggleScript/ReMooD Script%29</Filter>
    </ClCompile>
    <ClCompile Include="..\..\src\t_spec.c">
      <Filter>Doom\t_ %28FraggleScript/ReMooD Script%29</Filter>
    </ClCompile>
    <ClCompile Include="..\..\src\t_vari.c">
      <Filter>Doom\t_ %28FraggleScript/ReMooD Script%29</Filter>
    </ClCompile>
    <ClCompile Include="..\..\src\m_argv.c">
      <Filter>Doom\m_ %28Misc%29</Filter>
    </ClCompile>
    <ClCompile Include="..\..\src\m_bbox.c">
      <Filter>Doom\m_ %28Misc%29</Filter>
    </ClCompile>
    <ClCompile Include="..\..\src\m_cheat.c">
      <Filter>Doom\m_ %28Misc%29</Filter>
    </ClCompile>
    <ClCompile Include="..\..\src\m_fixed.c">
      <Filter>Doom\m_ %28Misc%29</Filter>
    </ClCompile>
    <ClCompile Include="..\..\src\m_menu.c">
      <Filter>Doom\m_ %28Misc%29</Filter>
    </ClCompile>
    <ClCompile Include="..\..\src\m_menudr.c">
      <Filter>Doom\m_ %28Misc%29</Filter>
    </ClCompile>
    <ClCompile Include="..\..\src\m_menufn.c">
      <Filter>Doom\m_ %28Misc%29</Filter>
    </ClCompile>
    <ClCompile Include="..\..\src\m_misc.c">
      <Filter>Doom\m_ %28Misc%29</Filter>
    </ClCompile>
    <ClCompile Include="..\..\src\m_random.c">
      <Filter>Doom\m_ %28Misc%29</Filter>
    </ClCompile>
    <ClCompile Include="..\..\src\hu_stuff.c">
      <Filter>Doom\hu_ %28HUD%29</Filter>
    </ClCompile>
    <ClCompile Include="..\..\src\g_game.c">
      <Filter>Doom\g_ %28Game%29</Filter>
    </ClCompile>
    <ClCompile Include="..\..\src\g_input.c">
      <Filter>Doom\g_ %28Game%29</Filter>
    </ClCompile>
    <ClCompile Include="..\..\src\g_state.c">
      <Filter>Doom\g_ %28Game%29</Filter>
    </ClCompile>
    <ClCompile Include="..\..\src\f_finale.c">
      <Filter>Doom\f_ %28Finale%29</Filter>
    </ClCompile>
    <ClCompile Include="..\..\src\f_wipe.c">
      <Filter>Doom\f_ %28Finale%29</Filter>
    </ClCompile>
    <ClCompile Include="..\..\src\d_block.c">
      <Filter>Doom\d_ %28Doom%29</Filter>
    </ClCompile>
    <ClCompile Include="..\..\src\d_clisrv.c">
      <Filter>Doom\d_ %28Doom%29</Filter>
    </ClCompile>
    <ClCompile Include="..\..\src\d_info.c">
      <Filter>Doom\d_ %28Doom%29</Filter>
    </ClCompile>
    <ClCompile Include="..\..\src\d_items.c">
      <Filter>Doom\d_ %28Doom%29</Filter>
    </ClCompile>
    <ClCompile Include="..\..\src\d_main.c">
      <Filter>Doom\d_ %28Doom%29</Filter>
    </ClCompile>
    <ClCompile Include="..\..\src\d_net.c">
      <Filter>Doom\d_ %28Doom%29</Filter>
    </ClCompile>
    <ClCompile Include="..\..\src\d_netcmd.c">
      <Filter>Doom\d_ %28Doom%29</Filter>
    </ClCompile>
    <ClCompile Include="..\..\src\d_prof.c">
      <Filter>Doom\d_ %28Doom%29</Filter>
    </ClCompile>
    <ClCompile Include="..\..\src\d_rdf.c">
      <Filter>Doom\d_ %28Doom%29</Filter>
    </ClCompile>
    <ClCompile Include="..\..\src\d_rmod.c">
      <Filter>Doom\d_ %28Doom%29</Filter>
    </ClCompile>
    <ClCompile Include="..\..\src\am_map.c">
      <Filter>Doom\am_ %28Automap%29</Filter>
    </ClCompile>
    <ClCompile Include="..\..\src\b_bot.c">
      <Filter>Bots %28b_%29</Filter>
    </ClCompile>
    <ClCompile Include="..\..\src\b_ghost.c">
      <Filter>Bots %28b_%29</Filter>
    </ClCompile>
    <ClCompile Include="..\..\src\c_lib.c" />
    <ClCompile Include="..\..\src\command.c" />
    <ClCompile Include="..\..\src\console.c" />
    <ClCompile Include="..\..\src\dbopl.c" />
    <ClCompile Include="..\..\src\dehacked.c" />
    <ClCompile Include="..\..\src\dstrings.c" />
    <ClCompile Include="..\..\src\info.c" />
    <ClCompile Include="..\..\src\md5.c" />
    <ClCompile Include="..\..\src\screen.c" />
    <ClCompile Include="..\..\src\sounds.c" />
    <ClCompile Include="..\..\src\t_dscc.c" />
    <ClCompile Include="..\..\src\t_dsvm.c" />
    <ClCompile Include="..\..\src\tables.c" />
  </ItemGroup>
  <ItemGroup>
    <None Include="..\..\rc\remood.ico" />
    <None Include="..\..\rc\remoods.ico" />
  </ItemGroup>
  <ItemGroup>
    <ResourceCompile Include="..\..\rc\remood.rc" />
  </ItemGroup>
</Project>